// !$*UTF8*$!
{
	archiveVersion = 1;
	classes = {
	};
	objectVersion = 48;
	objects = {

/* Begin PBXBuildFile section */
		A5123A1632070C9A7EB332B8 /* Pods_CollectionOfKitties.framework in Frameworks */ = {isa = PBXBuildFile; fileRef = F5C67CE38EFA4BB236F0BF16 /* Pods_CollectionOfKitties.framework */; };
		AE4604551FC3277000B29B96 /* CollectionViewCell.swift in Sources */ = {isa = PBXBuildFile; fileRef = AE4604541FC3277000B29B96 /* CollectionViewCell.swift */; };
		AE60F40E1FC067C400B3E6E7 /* AppDelegate.swift in Sources */ = {isa = PBXBuildFile; fileRef = AE60F40D1FC067C400B3E6E7 /* AppDelegate.swift */; };
		AE60F4101FC067C400B3E6E7 /* ViewController.swift in Sources */ = {isa = PBXBuildFile; fileRef = AE60F40F1FC067C400B3E6E7 /* ViewController.swift */; };
		AE60F4131FC067C400B3E6E7 /* Main.storyboard in Resources */ = {isa = PBXBuildFile; fileRef = AE60F4111FC067C400B3E6E7 /* Main.storyboard */; };
		AE60F4151FC067C400B3E6E7 /* Assets.xcassets in Resources */ = {isa = PBXBuildFile; fileRef = AE60F4141FC067C400B3E6E7 /* Assets.xcassets */; };
		AE60F4181FC067C400B3E6E7 /* LaunchScreen.storyboard in Resources */ = {isa = PBXBuildFile; fileRef = AE60F4161FC067C400B3E6E7 /* LaunchScreen.storyboard */; };
		AE60F4201FC06F2000B3E6E7 /* Kitty.swift in Sources */ = {isa = PBXBuildFile; fileRef = AE60F41F1FC06F2000B3E6E7 /* Kitty.swift */; };
/* End PBXBuildFile section */

/* Begin PBXFileReference section */
		55C825B4C3AED7BE57C60075 /* Pods-CollectionOfKitties.debug.xcconfig */ = {isa = PBXFileReference; includeInIndex = 1; lastKnownFileType = text.xcconfig; name = "Pods-CollectionOfKitties.debug.xcconfig"; path = "Pods/Target Support Files/Pods-CollectionOfKitties/Pods-CollectionOfKitties.debug.xcconfig"; sourceTree = "<group>"; };
		AE4604541FC3277000B29B96 /* CollectionViewCell.swift */ = {isa = PBXFileReference; lastKnownFileType = sourcecode.swift; path = CollectionViewCell.swift; sourceTree = "<group>"; };
		AE60F40A1FC067C400B3E6E7 /* CollectionOfKitties.app */ = {isa = PBXFileReference; explicitFileType = wrapper.application; includeInIndex = 0; path = CollectionOfKitties.app; sourceTree = BUILT_PRODUCTS_DIR; };
		AE60F40D1FC067C400B3E6E7 /* AppDelegate.swift */ = {isa = PBXFileReference; lastKnownFileType = sourcecode.swift; path = AppDelegate.swift; sourceTree = "<group>"; };
		AE60F40F1FC067C400B3E6E7 /* ViewController.swift */ = {isa = PBXFileReference; lastKnownFileType = sourcecode.swift; path = ViewController.swift; sourceTree = "<group>"; };
		AE60F4121FC067C400B3E6E7 /* Base */ = {isa = PBXFileReference; lastKnownFileType = file.storyboard; name = Base; path = Base.lproj/Main.storyboard; sourceTree = "<group>"; };
		AE60F4141FC067C400B3E6E7 /* Assets.xcassets */ = {isa = PBXFileReference; lastKnownFileType = folder.assetcatalog; path = Assets.xcassets; sourceTree = "<group>"; };
		AE60F4171FC067C400B3E6E7 /* Base */ = {isa = PBXFileReference; lastKnownFileType = file.storyboard; name = Base; path = Base.lproj/LaunchScreen.storyboard; sourceTree = "<group>"; };
		AE60F4191FC067C400B3E6E7 /* Info.plist */ = {isa = PBXFileReference; lastKnownFileType = text.plist.xml; path = Info.plist; sourceTree = "<group>"; };
		AE60F41F1FC06F2000B3E6E7 /* Kitty.swift */ = {isa = PBXFileReference; lastKnownFileType = sourcecode.swift; path = Kitty.swift; sourceTree = "<group>"; };
		E8B4B66FCB58F2E7C697A67D /* Pods-CollectionOfKitties.release.xcconfig */ = {isa = PBXFileReference; includeInIndex = 1; lastKnownFileType = text.xcconfig; name = "Pods-CollectionOfKitties.release.xcconfig"; path = "Pods/Target Support Files/Pods-CollectionOfKitties/Pods-CollectionOfKitties.release.xcconfig"; sourceTree = "<group>"; };
		F5C67CE38EFA4BB236F0BF16 /* Pods_CollectionOfKitties.framework */ = {isa = PBXFileReference; explicitFileType = wrapper.framework; includeInIndex = 0; path = Pods_CollectionOfKitties.framework; sourceTree = BUILT_PRODUCTS_DIR; };
/* End PBXFileReference section */

/* Begin PBXFrameworksBuildPhase section */
		AE60F4071FC067C400B3E6E7 /* Frameworks */ = {
			isa = PBXFrameworksBuildPhase;
			buildActionMask = 2147483647;
			files = (
				A5123A1632070C9A7EB332B8 /* Pods_CollectionOfKitties.framework in Frameworks */,
			);
			runOnlyForDeploymentPostprocessing = 0;
		};
/* End PBXFrameworksBuildPhase section */

/* Begin PBXGroup section */
		680FB4C038CE63A9E3F6E654 /* Pods */ = {
			isa = PBXGroup;
			children = (
				55C825B4C3AED7BE57C60075 /* Pods-CollectionOfKitties.debug.xcconfig */,
				E8B4B66FCB58F2E7C697A67D /* Pods-CollectionOfKitties.release.xcconfig */,
			);
			name = Pods;
			sourceTree = "<group>";
		};
		AE60F4011FC067C400B3E6E7 = {
			isa = PBXGroup;
			children = (
				AE60F40C1FC067C400B3E6E7 /* CollectionOfKitties */,
				AE60F40B1FC067C400B3E6E7 /* Products */,
				680FB4C038CE63A9E3F6E654 /* Pods */,
				F1CBF0561D3DFF418CBCE850 /* Frameworks */,
			);
			sourceTree = "<group>";
		};
		AE60F40B1FC067C400B3E6E7 /* Products */ = {
			isa = PBXGroup;
			children = (
				AE60F40A1FC067C400B3E6E7 /* CollectionOfKitties.app */,
			);
			name = Products;
			sourceTree = "<group>";
		};
		AE60F40C1FC067C400B3E6E7 /* CollectionOfKitties */ = {
			isa = PBXGroup;
			children = (
				AE60F40D1FC067C400B3E6E7 /* AppDelegate.swift */,
				AE60F40F1FC067C400B3E6E7 /* ViewController.swift */,
				AE60F4111FC067C400B3E6E7 /* Main.storyboard */,
				AE60F4141FC067C400B3E6E7 /* Assets.xcassets */,
				AE60F4161FC067C400B3E6E7 /* LaunchScreen.storyboard */,
				AE60F4191FC067C400B3E6E7 /* Info.plist */,
				AE60F41F1FC06F2000B3E6E7 /* Kitty.swift */,
				AE4604541FC3277000B29B96 /* CollectionViewCell.swift */,
			);
			path = CollectionOfKitties;
			sourceTree = "<group>";
		};
		F1CBF0561D3DFF418CBCE850 /* Frameworks */ = {
			isa = PBXGroup;
			children = (
				F5C67CE38EFA4BB236F0BF16 /* Pods_CollectionOfKitties.framework */,
			);
			name = Frameworks;
			sourceTree = "<group>";
		};
/* End PBXGroup section */

/* Begin PBXNativeTarget section */
		AE60F4091FC067C400B3E6E7 /* CollectionOfKitties */ = {
			isa = PBXNativeTarget;
			buildConfigurationList = AE60F41C1FC067C400B3E6E7 /* Build configuration list for PBXNativeTarget "CollectionOfKitties" */;
			buildPhases = (
				22932DDFE8D9C8697B96AA88 /* [CP] Check Pods Manifest.lock */,
				AE60F4061FC067C400B3E6E7 /* Sources */,
				AE60F4071FC067C400B3E6E7 /* Frameworks */,
				AE60F4081FC067C400B3E6E7 /* Resources */,
				6C66AC2D2B2E267C0D1CEEB3 /* [CP] Embed Pods Frameworks */,
				1E1E99654E8F1CDAB23F08F2 /* [CP] Copy Pods Resources */,
			);
			buildRules = (
			);
			dependencies = (
			);
			name = CollectionOfKitties;
			productName = CollectionOfKitties;
			productReference = AE60F40A1FC067C400B3E6E7 /* CollectionOfKitties.app */;
			productType = "com.apple.product-type.application";
		};
/* End PBXNativeTarget section */

/* Begin PBXProject section */
		AE60F4021FC067C400B3E6E7 /* Project object */ = {
			isa = PBXProject;
			attributes = {
				LastSwiftUpdateCheck = 0900;
				LastUpgradeCheck = 0900;
				ORGANIZATIONNAME = VSU;
				TargetAttributes = {
					AE60F4091FC067C400B3E6E7 = {
						CreatedOnToolsVersion = 9.0.1;
						ProvisioningStyle = Automatic;
					};
				};
			};
			buildConfigurationList = AE60F4051FC067C400B3E6E7 /* Build configuration list for PBXProject "CollectionOfKitties" */;
			compatibilityVersion = "Xcode 8.0";
			developmentRegion = en;
			hasScannedForEncodings = 0;
			knownRegions = (
				en,
				Base,
			);
			mainGroup = AE60F4011FC067C400B3E6E7;
			productRefGroup = AE60F40B1FC067C400B3E6E7 /* Products */;
			projectDirPath = "";
			projectRoot = "";
			targets = (
				AE60F4091FC067C400B3E6E7 /* CollectionOfKitties */,
			);
		};
/* End PBXProject section */

/* Begin PBXResourcesBuildPhase section */
		AE60F4081FC067C400B3E6E7 /* Resources */ = {
			isa = PBXResourcesBuildPhase;
			buildActionMask = 2147483647;
			files = (
				AE60F4181FC067C400B3E6E7 /* LaunchScreen.storyboard in Resources */,
				AE60F4151FC067C400B3E6E7 /* Assets.xcassets in Resources */,
				AE60F4131FC067C400B3E6E7 /* Main.storyboard in Resources */,
			);
			runOnlyForDeploymentPostprocessing = 0;
		};
/* End PBXResourcesBuildPhase section */

/* Begin PBXShellScriptBuildPhase section */
		1E1E99654E8F1CDAB23F08F2 /* [CP] Copy Pods Resources */ = {
			isa = PBXShellScriptBuildPhase;
			buildActionMask = 2147483647;
			files = (
			);
			inputPaths = (
			);
			name = "[CP] Copy Pods Resources";
			outputPaths = (
			);
			runOnlyForDeploymentPostprocessing = 0;
			shellPath = /bin/sh;
			shellScript = "\"${SRCROOT}/Pods/Target Support Files/Pods-CollectionOfKitties/Pods-CollectionOfKitties-resources.sh\"\n";
			showEnvVarsInLog = 0;
		};
		22932DDFE8D9C8697B96AA88 /* [CP] Check Pods Manifest.lock */ = {
			isa = PBXShellScriptBuildPhase;
			buildActionMask = 2147483647;
			files = (
			);
			inputPaths = (
				"${PODS_PODFILE_DIR_PATH}/Podfile.lock",
				"${PODS_ROOT}/Manifest.lock",
			);
			name = "[CP] Check Pods Manifest.lock";
			outputPaths = (
				"$(DERIVED_FILE_DIR)/Pods-CollectionOfKitties-checkManifestLockResult.txt",
			);
			runOnlyForDeploymentPostprocessing = 0;
			shellPath = /bin/sh;
			shellScript = "diff \"${PODS_PODFILE_DIR_PATH}/Podfile.lock\" \"${PODS_ROOT}/Manifest.lock\" > /dev/null\nif [ $? != 0 ] ; then\n    # print error to STDERR\n    echo \"error: The sandbox is not in sync with the Podfile.lock. Run 'pod install' or update your CocoaPods installation.\" >&2\n    exit 1\nfi\n# This output is used by Xcode 'outputs' to avoid re-running this script phase.\necho \"SUCCESS\" > \"${SCRIPT_OUTPUT_FILE_0}\"\n";
			showEnvVarsInLog = 0;
		};
		6C66AC2D2B2E267C0D1CEEB3 /* [CP] Embed Pods Frameworks */ = {
			isa = PBXShellScriptBuildPhase;
			buildActionMask = 2147483647;
			files = (
			);
			inputPaths = (
				"${SRCROOT}/Pods/Target Support Files/Pods-CollectionOfKitties/Pods-CollectionOfKitties-frameworks.sh",
				"${BUILT_PRODUCTS_DIR}/Realm/Realm.framework",
				"${BUILT_PRODUCTS_DIR}/RealmSwift/RealmSwift.framework",
			);
			name = "[CP] Embed Pods Frameworks";
			outputPaths = (
				"${TARGET_BUILD_DIR}/${FRAMEWORKS_FOLDER_PATH}/Realm.framework",
				"${TARGET_BUILD_DIR}/${FRAMEWORKS_FOLDER_PATH}/RealmSwift.framework",
			);
			runOnlyForDeploymentPostprocessing = 0;
			shellPath = /bin/sh;
			shellScript = "\"${SRCROOT}/Pods/Target Support Files/Pods-CollectionOfKitties/Pods-CollectionOfKitties-frameworks.sh\"\n";
			showEnvVarsInLog = 0;
		};
/* End PBXShellScriptBuildPhase section */

/* Begin PBXSourcesBuildPhase section */
		AE60F4061FC067C400B3E6E7 /* Sources */ = {
			isa = PBXSourcesBuildPhase;
			buildActionMask = 2147483647;
			files = (
				AE60F4101FC067C400B3E6E7 /* ViewController.swift in Sources */,
				AE60F4201FC06F2000B3E6E7 /* Kitty.swift in Sources */,
				AE4604551FC3277000B29B96 /* CollectionViewCell.swift in Sources */,
				AE60F40E1FC067C400B3E6E7 /* AppDelegate.swift in Sources */,
			);
			runOnlyForDeploymentPostprocessing = 0;
		};
/* End PBXSourcesBuildPhase section */

/* Begin PBXVariantGroup section */
		AE60F4111FC067C400B3E6E7 /* Main.storyboard */ = {
			isa = PBXVariantGroup;
			children = (
				AE60F4121FC067C400B3E6E7 /* Base */,
			);
			name = Main.storyboard;
			sourceTree = "<group>";
		};
		AE60F4161FC067C400B3E6E7 /* LaunchScreen.storyboard */ = {
			isa = PBXVariantGroup;
			children = (
				AE60F4171FC067C400B3E6E7 /* Base */,
			);
			name = LaunchScreen.storyboard;
			sourceTree = "<group>";
		};
/* End PBXVariantGroup section */

/* Begin XCBuildConfiguration section */
		AE60F41A1FC067C400B3E6E7 /* Debug */ = {
			isa = XCBuildConfiguration;
			buildSettings = {
				ALWAYS_SEARCH_USER_PATHS = NO;
				CLANG_ANALYZER_NONNULL = YES;
				CLANG_ANALYZER_NUMBER_OBJECT_CONVERSION = YES_AGGRESSIVE;
				CLANG_CXX_LANGUAGE_STANDARD = "gnu++14";
				CLANG_CXX_LIBRARY = "libc++";
				CLANG_ENABLE_MODULES = YES;
				CLANG_ENABLE_OBJC_ARC = YES;
				CLANG_WARN_BLOCK_CAPTURE_AUTORELEASING = YES;
				CLANG_WARN_BOOL_CONVERSION = YES;
				CLANG_WARN_COMMA = YES;
				CLANG_WARN_CONSTANT_CONVERSION = YES;
				CLANG_WARN_DIRECT_OBJC_ISA_USAGE = YES_ERROR;
				CLANG_WARN_DOCUMENTATION_COMMENTS = YES;
				CLANG_WARN_EMPTY_BODY = YES;
				CLANG_WARN_ENUM_CONVERSION = YES;
				CLANG_WARN_INFINITE_RECURSION = YES;
				CLANG_WARN_INT_CONVERSION = YES;
				CLANG_WARN_NON_LITERAL_NULL_CONVERSION = YES;
				CLANG_WARN_OBJC_LITERAL_CONVERSION = YES;
				CLANG_WARN_OBJC_ROOT_CLASS = YES_ERROR;
				CLANG_WARN_RANGE_LOOP_ANALYSIS = YES;
				CLANG_WARN_STRICT_PROTOTYPES = YES;
				CLANG_WARN_SUSPICIOUS_MOVE = YES;
				CLANG_WARN_UNGUARDED_AVAILABILITY = YES_AGGRESSIVE;
				CLANG_WARN_UNREACHABLE_CODE = YES;
				CLANG_WARN__DUPLICATE_METHOD_MATCH = YES;
				CODE_SIGN_IDENTITY = "iPhone Developer";
				COPY_PHASE_STRIP = NO;
				DEBUG_INFORMATION_FORMAT = dwarf;
				ENABLE_STRICT_OBJC_MSGSEND = YES;
				ENABLE_TESTABILITY = YES;
				GCC_C_LANGUAGE_STANDARD = gnu11;
				GCC_DYNAMIC_NO_PIC = NO;
				GCC_NO_COMMON_BLOCKS = YES;
				GCC_OPTIMIZATION_LEVEL = 0;
				GCC_PREPROCESSOR_DEFINITIONS = (
					"DEBUG=1",
					"$(inherited)",
				);
				GCC_WARN_64_TO_32_BIT_CONVERSION = YES;
				GCC_WARN_ABOUT_RETURN_TYPE = YES_ERROR;
				GCC_WARN_UNDECLARED_SELECTOR = YES;
				GCC_WARN_UNINITIALIZED_AUTOS = YES_AGGRESSIVE;
				GCC_WARN_UNUSED_FUNCTION = YES;
				GCC_WARN_UNUSED_VARIABLE = YES;
				IPHONEOS_DEPLOYMENT_TARGET = 11.0;
				MTL_ENABLE_DEBUG_INFO = YES;
				ONLY_ACTIVE_ARCH = YES;
				SDKROOT = iphoneos;
				SWIFT_ACTIVE_COMPILATION_CONDITIONS = DEBUG;
				SWIFT_OPTIMIZATION_LEVEL = "-Onone";
			};
			name = Debug;
		};
		AE60F41B1FC067C400B3E6E7 /* Release */ = {
			isa = XCBuildConfiguration;
			buildSettings = {
				ALWAYS_SEARCH_USER_PATHS = NO;
				CLANG_ANALYZER_NONNULL = YES;
				CLANG_ANALYZER_NUMBER_OBJECT_CONVERSION = YES_AGGRESSIVE;
				CLANG_CXX_LANGUAGE_STANDARD = "gnu++14";
				CLANG_CXX_LIBRARY = "libc++";
				CLANG_ENABLE_MODULES = YES;
				CLANG_ENABLE_OBJC_ARC = YES;
				CLANG_WARN_BLOCK_CAPTURE_AUTORELEASING = YES;
				CLANG_WARN_BOOL_CONVERSION = YES;
				CLANG_WARN_COMMA = YES;
				CLANG_WARN_CONSTANT_CONVERSION = YES;
				CLANG_WARN_DIRECT_OBJC_ISA_USAGE = YES_ERROR;
				CLANG_WARN_DOCUMENTATION_COMMENTS = YES;
				CLANG_WARN_EMPTY_BODY = YES;
				CLANG_WARN_ENUM_CONVERSION = YES;
				CLANG_WARN_INFINITE_RECURSION = YES;
				CLANG_WARN_INT_CONVERSION = YES;
				CLANG_WARN_NON_LITERAL_NULL_CONVERSION = YES;
				CLANG_WARN_OBJC_LITERAL_CONVERSION = YES;
				CLANG_WARN_OBJC_ROOT_CLASS = YES_ERROR;
				CLANG_WARN_RANGE_LOOP_ANALYSIS = YES;
				CLANG_WARN_STRICT_PROTOTYPES = YES;
				CLANG_WARN_SUSPICIOUS_MOVE = YES;
				CLANG_WARN_UNGUARDED_AVAILABILITY = YES_AGGRESSIVE;
				CLANG_WARN_UNREACHABLE_CODE = YES;
				CLANG_WARN__DUPLICATE_METHOD_MATCH = YES;
				CODE_SIGN_IDENTITY = "iPhone Developer";
				COPY_PHASE_STRIP = NO;
				DEBUG_INFORMATION_FORMAT = "dwarf-with-dsym";
				ENABLE_NS_ASSERTIONS = NO;
				ENABLE_STRICT_OBJC_MSGSEND = YES;
				GCC_C_LANGUAGE_STANDARD = gnu11;
				GCC_NO_COMMON_BLOCKS = YES;
				GCC_WARN_64_TO_32_BIT_CONVERSION = YES;
				GCC_WARN_ABOUT_RETURN_TYPE = YES_ERROR;
				GCC_WARN_UNDECLARED_SELECTOR = YES;
				GCC_WARN_UNINITIALIZED_AUTOS = YES_AGGRESSIVE;
				GCC_WARN_UNUSED_FUNCTION = YES;
				GCC_WARN_UNUSED_VARIABLE = YES;
				IPHONEOS_DEPLOYMENT_TARGET = 11.0;
				MTL_ENABLE_DEBUG_INFO = NO;
				SDKROOT = iphoneos;
				SWIFT_OPTIMIZATION_LEVEL = "-Owholemodule";
				VALIDATE_PRODUCT = YES;
			};
			name = Release;
		};
		AE60F41D1FC067C400B3E6E7 /* Debug */ = {
			isa = XCBuildConfiguration;
			baseConfigurationReference = 55C825B4C3AED7BE57C60075 /* Pods-CollectionOfKitties.debug.xcconfig */;
			buildSettings = {
				ASSETCATALOG_COMPILER_APPICON_NAME = AppIcon;
				CODE_SIGN_STYLE = Automatic;
				INFOPLIST_FILE = CollectionOfKitties/Info.plist;
				LD_RUNPATH_SEARCH_PATHS = "$(inherited) @executable_path/Frameworks";
				PRODUCT_BUNDLE_IDENTIFIER = com.vsu.CollectionOfKitties;
				PRODUCT_NAME = "$(TARGET_NAME)";
				SWIFT_VERSION = 4.0;
				TARGETED_DEVICE_FAMILY = "1,2";
			};
			name = Debug;
		};
		AE60F41E1FC067C400B3E6E7 /* Release */ = {
			isa = XCBuildConfiguration;
			baseConfigurationReference = E8B4B66FCB58F2E7C697A67D /* Pods-CollectionOfKitties.release.xcconfig */;
			buildSettings = {
				ASSETCATALOG_COMPILER_APPICON_NAME = AppIcon;
				CODE_SIGN_STYLE = Automatic;
				INFOPLIST_FILE = CollectionOfKitties/Info.plist;
				LD_RUNPATH_SEARCH_PATHS = "$(inherited) @executable_path/Frameworks";
				PRODUCT_BUNDLE_IDENTIFIER = com.vsu.CollectionOfKitties;
				PRODUCT_NAME = "$(TARGET_NAME)";
				SWIFT_VERSION = 4.0;
				TARGETED_DEVICE_FAMILY = "1,2";
			};
			name = Release;
		};
/* End XCBuildConfiguration section */

/* Begin XCConfigurationList section */
		AE60F4051FC067C400B3E6E7 /* Build configuration list for PBXProject "CollectionOfKitties" */ = {
			isa = XCConfigurationList;
			buildConfigurations = (
				AE60F41A1FC067C400B3E6E7 /* Debug */,
				AE60F41B1FC067C400B3E6E7 /* Release */,
			);
			defaultConfigurationIsVisible = 0;
			defaultConfigurationName = Release;
		};
		AE60F41C1FC067C400B3E6E7 /* Build configuration list for PBXNativeTarget "CollectionOfKitties" */ = {
			isa = XCConfigurationList;
			buildConfigurations = (
				AE60F41D1FC067C400B3E6E7 /* Debug */,
				AE60F41E1FC067C400B3E6E7 /* Release */,
			);
			defaultConfigurationIsVisible = 0;
			defaultConfigurationName = Release;
		};
/* End XCConfigurationList section */
	};
	rootObject = AE60F4021FC067C400B3E6E7 /* Project object */;
}
